{
  "name":"naqaa-market-mobile",
  "version":"1.0.0",
  "lockfileVersion":3,
  "requires":true,
  "packages":{
    "":{
      "name":"naqaa-market-mobile",
      "version":"1.0.0",
      "dependencies":{
        "@capacitor/android":"^7.4.3",
        "@capacitor/core":"^7.4.3",
        "@capacitor/ios":"^7.4.3"
      },
      "devDependencies":{
        "@capacitor/assets":"^3.0.5",
        "@capacitor/cli":"^7.4.3"
      }
    }
  }
}
